# This file is automatically @generated by Cargo.
# It is not intended for manual editing.
version = 4

[[package]]
name = "corepolicy-manager-wrapper"
version = "1.1.0"
dependencies = [
 "coreshift-policy",
]

[[package]]
name = "coreshift-core"
version = "0.4.0"
source = "git+https://github.com/CoreShiftD/CoreShift-Core.git?tag=v0.4.0#53c5e6c15e5a16b2416e5fe5c7d36f7f6f94718f"
dependencies = [
 "libc",
]

[[package]]
name = "coreshift-engine"
version = "0.4.1"
source = "git+https://github.com/CoreShiftD/CoreShift-Engine.git?tag=v0.4.1#984908ac95218d06592ef6321e8a404e3184f7a7"
dependencies = [
 "coreshift-core",
]

[[package]]
name = "coreshift-policy"
version = "1.1.0"
source = "git+https://github.com/CoreShiftD/CoreShift-Policy.git?tag=v1.1.0#e0d3dd65bac36d8f73155295edb6ea0ac903231a"
dependencies = [
 "coreshift-core",
 "coreshift-engine",
]

[[package]]
name = "libc"
version = "0.2.186"
source = "registry+https://github.com/rust-lang/crates.io-index"
checksum = "68ab91017fe16c622486840e4c83c9a37afeff978bd239b5293d61ece587de66"
