# This file is automatically @generated by Cargo.
# It is not intended for manual editing.
version = 4

[[package]]
name = "corepolicy-manager-wrapper"
version = "1.0.0"
dependencies = [
 "coreshift-policy",
]

[[package]]
name = "coreshift-core"
version = "0.3.0"
source = "git+https://github.com/CoreShiftD/CoreShift-Core.git?tag=v0.3.0#9613da86d7a96082cf54b8d9f8f295f01250c4f7"
dependencies = [
 "libc",
]

[[package]]
name = "coreshift-engine"
version = "0.4.0"
source = "git+https://github.com/CoreShiftD/CoreShift-Engine.git?tag=v0.4.0#1e88fd97c1cfeba96bf4fc68882c799954d7649f"
dependencies = [
 "coreshift-core",
]

[[package]]
name = "coreshift-policy"
version = "1.0.0"
source = "git+https://github.com/CoreShiftD/CoreShift-Policy.git?tag=v1.0.0#013a6d00cb5c4433b262396043ad83d903e6ee70"
dependencies = [
 "coreshift-core",
 "coreshift-engine",
]

[[package]]
name = "libc"
version = "0.2.186"
source = "registry+https://github.com/rust-lang/crates.io-index"
checksum = "68ab91017fe16c622486840e4c83c9a37afeff978bd239b5293d61ece587de66"
